// !$*UTF8*$!
{
	archiveVersion = 1;
	classes = {
	};
	objectVersion = 48;
	objects = {

/* Begin PBXBuildFile section */
		1039A8E220058D9200B1B5C4 /* NowPlayingViewController.swift in Sources */ = {isa = PBXBuildFile; fileRef = 1039A8E120058D9200B1B5C4 /* NowPlayingViewController.swift */; };
		1039A8E42005999500B1B5C4 /* MovieCell.swift in Sources */ = {isa = PBXBuildFile; fileRef = 1039A8E32005999500B1B5C4 /* MovieCell.swift */; };
		108FFDC52010458A00FF337C /* DetailViewController.swift in Sources */ = {isa = PBXBuildFile; fileRef = 108FFDC42010458A00FF337C /* DetailViewController.swift */; };
		108FFDC720104F8900FF337C /* PosterCell.swift in Sources */ = {isa = PBXBuildFile; fileRef = 108FFDC620104F8900FF337C /* PosterCell.swift */; };
		108FFDC920104FDB00FF337C /* SuperheroViewController.swift in Sources */ = {isa = PBXBuildFile; fileRef = 108FFDC820104FDB00FF337C /* SuperheroViewController.swift */; };
		108FFDCB201057F900FF337C /* SuperheroDetailViewController.swift in Sources */ = {isa = PBXBuildFile; fileRef = 108FFDCA201057F900FF337C /* SuperheroDetailViewController.swift */; };
		10B41C3E200588770020FCFF /* AppDelegate.swift in Sources */ = {isa = PBXBuildFile; fileRef = 10B41C3D200588770020FCFF /* AppDelegate.swift */; };
		10B41C43200588770020FCFF /* Main.storyboard in Resources */ = {isa = PBXBuildFile; fileRef = 10B41C41200588770020FCFF /* Main.storyboard */; };
		10B41C45200588770020FCFF /* Assets.xcassets in Resources */ = {isa = PBXBuildFile; fileRef = 10B41C44200588770020FCFF /* Assets.xcassets */; };
		10B41C48200588770020FCFF /* LaunchScreen.storyboard in Resources */ = {isa = PBXBuildFile; fileRef = 10B41C46200588770020FCFF /* LaunchScreen.storyboard */; };
		D6C8240AD8AEFF42A81059FF /* Pods_Flix.framework in Frameworks */ = {isa = PBXBuildFile; fileRef = D19E013438ED3D22760F0CAA /* Pods_Flix.framework */; };
/* End PBXBuildFile section */

/* Begin PBXFileReference section */
		1039A8E120058D9200B1B5C4 /* NowPlayingViewController.swift */ = {isa = PBXFileReference; lastKnownFileType = sourcecode.swift; path = NowPlayingViewController.swift; sourceTree = "<group>"; };
		1039A8E32005999500B1B5C4 /* MovieCell.swift */ = {isa = PBXFileReference; lastKnownFileType = sourcecode.swift; path = MovieCell.swift; sourceTree = "<group>"; };
		108FFDC42010458A00FF337C /* DetailViewController.swift */ = {isa = PBXFileReference; lastKnownFileType = sourcecode.swift; path = DetailViewController.swift; sourceTree = "<group>"; };
		108FFDC620104F8900FF337C /* PosterCell.swift */ = {isa = PBXFileReference; lastKnownFileType = sourcecode.swift; path = PosterCell.swift; sourceTree = "<group>"; };
		108FFDC820104FDB00FF337C /* SuperheroViewController.swift */ = {isa = PBXFileReference; lastKnownFileType = sourcecode.swift; path = SuperheroViewController.swift; sourceTree = "<group>"; };
		108FFDCA201057F900FF337C /* SuperheroDetailViewController.swift */ = {isa = PBXFileReference; lastKnownFileType = sourcecode.swift; path = SuperheroDetailViewController.swift; sourceTree = "<group>"; };
		10B41C3A200588770020FCFF /* Flix.app */ = {isa = PBXFileReference; explicitFileType = wrapper.application; includeInIndex = 0; path = Flix.app; sourceTree = BUILT_PRODUCTS_DIR; };
		10B41C3D200588770020FCFF /* AppDelegate.swift */ = {isa = PBXFileReference; lastKnownFileType = sourcecode.swift; path = AppDelegate.swift; sourceTree = "<group>"; };
		10B41C42200588770020FCFF /* Base */ = {isa = PBXFileReference; lastKnownFileType = file.storyboard; name = Base; path = Base.lproj/Main.storyboard; sourceTree = "<group>"; };
		10B41C44200588770020FCFF /* Assets.xcassets */ = {isa = PBXFileReference; lastKnownFileType = folder.assetcatalog; path = Assets.xcassets; sourceTree = "<group>"; };
		10B41C47200588770020FCFF /* Base */ = {isa = PBXFileReference; lastKnownFileType = file.storyboard; name = Base; path = Base.lproj/LaunchScreen.storyboard; sourceTree = "<group>"; };
		10B41C49200588770020FCFF /* Info.plist */ = {isa = PBXFileReference; lastKnownFileType = text.plist.xml; path = Info.plist; sourceTree = "<group>"; };
		A261513A05F20B566B6DA378 /* Pods-Flix.release.xcconfig */ = {isa = PBXFileReference; includeInIndex = 1; lastKnownFileType = text.xcconfig; name = "Pods-Flix.release.xcconfig"; path = "Pods/Target Support Files/Pods-Flix/Pods-Flix.release.xcconfig"; sourceTree = "<group>"; };
		B15AF514153B91446975794E /* Pods-Flix.debug.xcconfig */ = {isa = PBXFileReference; includeInIndex = 1; lastKnownFileType = text.xcconfig; name = "Pods-Flix.debug.xcconfig"; path = "Pods/Target Support Files/Pods-Flix/Pods-Flix.debug.xcconfig"; sourceTree = "<group>"; };
		D19E013438ED3D22760F0CAA /* Pods_Flix.framework */ = {isa = PBXFileReference; explicitFileType = wrapper.framework; includeInIndex = 0; path = Pods_Flix.framework; sourceTree = BUILT_PRODUCTS_DIR; };
/* End PBXFileReference section */

/* Begin PBXFrameworksBuildPhase section */
		10B41C37200588770020FCFF /* Frameworks */ = {
			isa = PBXFrameworksBuildPhase;
			buildActionMask = 2147483647;
			files = (
				D6C8240AD8AEFF42A81059FF /* Pods_Flix.framework in Frameworks */,
			);
			runOnlyForDeploymentPostprocessing = 0;
		};
/* End PBXFrameworksBuildPhase section */

/* Begin PBXGroup section */
		108FFDC22010454500FF337C /* ViewControllers */ = {
			isa = PBXGroup;
			children = (
				108FFDC42010458A00FF337C /* DetailViewController.swift */,
				1039A8E120058D9200B1B5C4 /* NowPlayingViewController.swift */,
				108FFDC820104FDB00FF337C /* SuperheroViewController.swift */,
				108FFDCA201057F900FF337C /* SuperheroDetailViewController.swift */,
			);
			path = ViewControllers;
			sourceTree = "<group>";
		};
		108FFDC32010454E00FF337C /* Views */ = {
			isa = PBXGroup;
			children = (
				1039A8E32005999500B1B5C4 /* MovieCell.swift */,
				108FFDC620104F8900FF337C /* PosterCell.swift */,
			);
			path = Views;
			sourceTree = "<group>";
		};
		10B41C31200588770020FCFF = {
			isa = PBXGroup;
			children = (
				10B41C3C200588770020FCFF /* Flix */,
				10B41C3B200588770020FCFF /* Products */,
				5522398978A5A82C8F4F449B /* Pods */,
				DABED4AD3ACC4404F0B7D1F5 /* Frameworks */,
			);
			sourceTree = "<group>";
		};
		10B41C3B200588770020FCFF /* Products */ = {
			isa = PBXGroup;
			children = (
				10B41C3A200588770020FCFF /* Flix.app */,
			);
			name = Products;
			sourceTree = "<group>";
		};
		10B41C3C200588770020FCFF /* Flix */ = {
			isa = PBXGroup;
			children = (
				108FFDC32010454E00FF337C /* Views */,
				108FFDC22010454500FF337C /* ViewControllers */,
				10B41C3D200588770020FCFF /* AppDelegate.swift */,
				10B41C41200588770020FCFF /* Main.storyboard */,
				10B41C44200588770020FCFF /* Assets.xcassets */,
				10B41C46200588770020FCFF /* LaunchScreen.storyboard */,
				10B41C49200588770020FCFF /* Info.plist */,
			);
			path = Flix;
			sourceTree = "<group>";
		};
		5522398978A5A82C8F4F449B /* Pods */ = {
			isa = PBXGroup;
			children = (
				B15AF514153B91446975794E /* Pods-Flix.debug.xcconfig */,
				A261513A05F20B566B6DA378 /* Pods-Flix.release.xcconfig */,
			);
			name = Pods;
			sourceTree = "<group>";
		};
		DABED4AD3ACC4404F0B7D1F5 /* Frameworks */ = {
			isa = PBXGroup;
			children = (
				D19E013438ED3D22760F0CAA /* Pods_Flix.framework */,
			);
			name = Frameworks;
			sourceTree = "<group>";
		};
/* End PBXGroup section */

/* Begin PBXNativeTarget section */
		10B41C39200588770020FCFF /* Flix */ = {
			isa = PBXNativeTarget;
			buildConfigurationList = 10B41C4C200588770020FCFF /* Build configuration list for PBXNativeTarget "Flix" */;
			buildPhases = (
				5D77F017BDC9CDBC9FD4A74F /* [CP] Check Pods Manifest.lock */,
				10B41C36200588770020FCFF /* Sources */,
				10B41C37200588770020FCFF /* Frameworks */,
				10B41C38200588770020FCFF /* Resources */,
				B26522DFD3DDDD820A9267C7 /* [CP] Embed Pods Frameworks */,
				98F1E24ABD4A063BE6FFD43D /* [CP] Copy Pods Resources */,
			);
			buildRules = (
			);
			dependencies = (
			);
			name = Flix;
			productName = Flix;
			productReference = 10B41C3A200588770020FCFF /* Flix.app */;
			productType = "com.apple.product-type.application";
		};
/* End PBXNativeTarget section */

/* Begin PBXProject section */
		10B41C32200588770020FCFF /* Project object */ = {
			isa = PBXProject;
			attributes = {
				LastSwiftUpdateCheck = 0920;
				LastUpgradeCheck = 0920;
				ORGANIZATIONNAME = "Anubhav Saxena";
				TargetAttributes = {
					10B41C39200588770020FCFF = {
						CreatedOnToolsVersion = 9.2;
						ProvisioningStyle = Automatic;
					};
				};
			};
			buildConfigurationList = 10B41C35200588770020FCFF /* Build configuration list for PBXProject "Flix" */;
			compatibilityVersion = "Xcode 8.0";
			developmentRegion = en;
			hasScannedForEncodings = 0;
			knownRegions = (
				en,
				Base,
			);
			mainGroup = 10B41C31200588770020FCFF;
			productRefGroup = 10B41C3B200588770020FCFF /* Products */;
			projectDirPath = "";
			projectRoot = "";
			targets = (
				10B41C39200588770020FCFF /* Flix */,
			);
		};
/* End PBXProject section */

/* Begin PBXResourcesBuildPhase section */
		10B41C38200588770020FCFF /* Resources */ = {
			isa = PBXResourcesBuildPhase;
			buildActionMask = 2147483647;
			files = (
				10B41C48200588770020FCFF /* LaunchScreen.storyboard in Resources */,
				10B41C45200588770020FCFF /* Assets.xcassets in Resources */,
				10B41C43200588770020FCFF /* Main.storyboard in Resources */,
			);
			runOnlyForDeploymentPostprocessing = 0;
		};
/* End PBXResourcesBuildPhase section */

/* Begin PBXShellScriptBuildPhase section */
		5D77F017BDC9CDBC9FD4A74F /* [CP] Check Pods Manifest.lock */ = {
			isa = PBXShellScriptBuildPhase;
			buildActionMask = 2147483647;
			files = (
			);
			inputPaths = (
				"${PODS_PODFILE_DIR_PATH}/Podfile.lock",
				"${PODS_ROOT}/Manifest.lock",
			);
			name = "[CP] Check Pods Manifest.lock";
			outputPaths = (
				"$(DERIVED_FILE_DIR)/Pods-Flix-checkManifestLockResult.txt",
			);
			runOnlyForDeploymentPostprocessing = 0;
			shellPath = /bin/sh;
			shellScript = "diff \"${PODS_PODFILE_DIR_PATH}/Podfile.lock\" \"${PODS_ROOT}/Manifest.lock\" > /dev/null\nif [ $? != 0 ] ; then\n    # print error to STDERR\n    echo \"error: The sandbox is not in sync with the Podfile.lock. Run 'pod install' or update your CocoaPods installation.\" >&2\n    exit 1\nfi\n# This output is used by Xcode 'outputs' to avoid re-running this script phase.\necho \"SUCCESS\" > \"${SCRIPT_OUTPUT_FILE_0}\"\n";
			showEnvVarsInLog = 0;
		};
		98F1E24ABD4A063BE6FFD43D /* [CP] Copy Pods Resources */ = {
			isa = PBXShellScriptBuildPhase;
			buildActionMask = 2147483647;
			files = (
			);
			inputPaths = (
			);
			name = "[CP] Copy Pods Resources";
			outputPaths = (
			);
			runOnlyForDeploymentPostprocessing = 0;
			shellPath = /bin/sh;
			shellScript = "\"${SRCROOT}/Pods/Target Support Files/Pods-Flix/Pods-Flix-resources.sh\"\n";
			showEnvVarsInLog = 0;
		};
		B26522DFD3DDDD820A9267C7 /* [CP] Embed Pods Frameworks */ = {
			isa = PBXShellScriptBuildPhase;
			buildActionMask = 2147483647;
			files = (
			);
			inputPaths = (
				"${SRCROOT}/Pods/Target Support Files/Pods-Flix/Pods-Flix-frameworks.sh",
				"${BUILT_PRODUCTS_DIR}/Alamofire/Alamofire.framework",
				"${BUILT_PRODUCTS_DIR}/AlamofireImage/AlamofireImage.framework",
			);
			name = "[CP] Embed Pods Frameworks";
			outputPaths = (
				"${TARGET_BUILD_DIR}/${FRAMEWORKS_FOLDER_PATH}/Alamofire.framework",
				"${TARGET_BUILD_DIR}/${FRAMEWORKS_FOLDER_PATH}/AlamofireImage.framework",
			);
			runOnlyForDeploymentPostprocessing = 0;
			shellPath = /bin/sh;
			shellScript = "\"${SRCROOT}/Pods/Target Support Files/Pods-Flix/Pods-Flix-frameworks.sh\"\n";
			showEnvVarsInLog = 0;
		};
/* End PBXShellScriptBuildPhase section */

/* Begin PBXSourcesBuildPhase section */
		10B41C36200588770020FCFF /* Sources */ = {
			isa = PBXSourcesBuildPhase;
			buildActionMask = 2147483647;
			files = (
				1039A8E220058D9200B1B5C4 /* NowPlayingViewController.swift in Sources */,
				108FFDC720104F8900FF337C /* PosterCell.swift in Sources */,
				108FFDC920104FDB00FF337C /* SuperheroViewController.swift in Sources */,
				108FFDCB201057F900FF337C /* SuperheroDetailViewController.swift in Sources */,
				10B41C3E200588770020FCFF /* AppDelegate.swift in Sources */,
				1039A8E42005999500B1B5C4 /* MovieCell.swift in Sources */,
				108FFDC52010458A00FF337C /* DetailViewController.swift in Sources */,
			);
			runOnlyForDeploymentPostprocessing = 0;
		};
/* End PBXSourcesBuildPhase section */

/* Begin PBXVariantGroup section */
		10B41C41200588770020FCFF /* Main.storyboard */ = {
			isa = PBXVariantGroup;
			children = (
				10B41C42200588770020FCFF /* Base */,
			);
			name = Main.storyboard;
			sourceTree = "<group>";
		};
		10B41C46200588770020FCFF /* LaunchScreen.storyboard */ = {
			isa = PBXVariantGroup;
			children = (
				10B41C47200588770020FCFF /* Base */,
			);
			name = LaunchScreen.storyboard;
			sourceTree = "<group>";
		};
/* End PBXVariantGroup section */

/* Begin XCBuildConfiguration section */
		10B41C4A200588770020FCFF /* Debug */ = {
			isa = XCBuildConfiguration;
			buildSettings = {
				ALWAYS_SEARCH_USER_PATHS = NO;
				CLANG_ANALYZER_NONNULL = YES;
				CLANG_ANALYZER_NUMBER_OBJECT_CONVERSION = YES_AGGRESSIVE;
				CLANG_CXX_LANGUAGE_STANDARD = "gnu++14";
				CLANG_CXX_LIBRARY = "libc++";
				CLANG_ENABLE_MODULES = YES;
				CLANG_ENABLE_OBJC_ARC = YES;
				CLANG_WARN_BLOCK_CAPTURE_AUTORELEASING = YES;
				CLANG_WARN_BOOL_CONVERSION = YES;
				CLANG_WARN_COMMA = YES;
				CLANG_WARN_CONSTANT_CONVERSION = YES;
				CLANG_WARN_DIRECT_OBJC_ISA_USAGE = YES_ERROR;
				CLANG_WARN_DOCUMENTATION_COMMENTS = YES;
				CLANG_WARN_EMPTY_BODY = YES;
				CLANG_WARN_ENUM_CONVERSION = YES;
				CLANG_WARN_INFINITE_RECURSION = YES;
				CLANG_WARN_INT_CONVERSION = YES;
				CLANG_WARN_NON_LITERAL_NULL_CONVERSION = YES;
				CLANG_WARN_OBJC_LITERAL_CONVERSION = YES;
				CLANG_WARN_OBJC_ROOT_CLASS = YES_ERROR;
				CLANG_WARN_RANGE_LOOP_ANALYSIS = YES;
				CLANG_WARN_STRICT_PROTOTYPES = YES;
				CLANG_WARN_SUSPICIOUS_MOVE = YES;
				CLANG_WARN_UNGUARDED_AVAILABILITY = YES_AGGRESSIVE;
				CLANG_WARN_UNREACHABLE_CODE = YES;
				CLANG_WARN__DUPLICATE_METHOD_MATCH = YES;
				CODE_SIGN_IDENTITY = "iPhone Developer";
				COPY_PHASE_STRIP = NO;
				DEBUG_INFORMATION_FORMAT = dwarf;
				ENABLE_STRICT_OBJC_MSGSEND = YES;
				ENABLE_TESTABILITY = YES;
				GCC_C_LANGUAGE_STANDARD = gnu11;
				GCC_DYNAMIC_NO_PIC = NO;
				GCC_NO_COMMON_BLOCKS = YES;
				GCC_OPTIMIZATION_LEVEL = 0;
				GCC_PREPROCESSOR_DEFINITIONS = (
					"DEBUG=1",
					"$(inherited)",
				);
				GCC_WARN_64_TO_32_BIT_CONVERSION = YES;
				GCC_WARN_ABOUT_RETURN_TYPE = YES_ERROR;
				GCC_WARN_UNDECLARED_SELECTOR = YES;
				GCC_WARN_UNINITIALIZED_AUTOS = YES_AGGRESSIVE;
				GCC_WARN_UNUSED_FUNCTION = YES;
				GCC_WARN_UNUSED_VARIABLE = YES;
				IPHONEOS_DEPLOYMENT_TARGET = 11.2;
				MTL_ENABLE_DEBUG_INFO = YES;
				ONLY_ACTIVE_ARCH = YES;
				SDKROOT = iphoneos;
				SWIFT_ACTIVE_COMPILATION_CONDITIONS = DEBUG;
				SWIFT_OPTIMIZATION_LEVEL = "-Onone";
			};
			name = Debug;
		};
		10B41C4B200588770020FCFF /* Release */ = {
			isa = XCBuildConfiguration;
			buildSettings = {
				ALWAYS_SEARCH_USER_PATHS = NO;
				CLANG_ANALYZER_NONNULL = YES;
				CLANG_ANALYZER_NUMBER_OBJECT_CONVERSION = YES_AGGRESSIVE;
				CLANG_CXX_LANGUAGE_STANDARD = "gnu++14";
				CLANG_CXX_LIBRARY = "libc++";
				CLANG_ENABLE_MODULES = YES;
				CLANG_ENABLE_OBJC_ARC = YES;
				CLANG_WARN_BLOCK_CAPTURE_AUTORELEASING = YES;
				CLANG_WARN_BOOL_CONVERSION = YES;
				CLANG_WARN_COMMA = YES;
				CLANG_WARN_CONSTANT_CONVERSION = YES;
				CLANG_WARN_DIRECT_OBJC_ISA_USAGE = YES_ERROR;
				CLANG_WARN_DOCUMENTATION_COMMENTS = YES;
				CLANG_WARN_EMPTY_BODY = YES;
				CLANG_WARN_ENUM_CONVERSION = YES;
				CLANG_WARN_INFINITE_RECURSION = YES;
				CLANG_WARN_INT_CONVERSION = YES;
				CLANG_WARN_NON_LITERAL_NULL_CONVERSION = YES;
				CLANG_WARN_OBJC_LITERAL_CONVERSION = YES;
				CLANG_WARN_OBJC_ROOT_CLASS = YES_ERROR;
				CLANG_WARN_RANGE_LOOP_ANALYSIS = YES;
				CLANG_WARN_STRICT_PROTOTYPES = YES;
				CLANG_WARN_SUSPICIOUS_MOVE = YES;
				CLANG_WARN_UNGUARDED_AVAILABILITY = YES_AGGRESSIVE;
				CLANG_WARN_UNREACHABLE_CODE = YES;
				CLANG_WARN__DUPLICATE_METHOD_MATCH = YES;
				CODE_SIGN_IDENTITY = "iPhone Developer";
				COPY_PHASE_STRIP = NO;
				DEBUG_INFORMATION_FORMAT = "dwarf-with-dsym";
				ENABLE_NS_ASSERTIONS = NO;
				ENABLE_STRICT_OBJC_MSGSEND = YES;
				GCC_C_LANGUAGE_STANDARD = gnu11;
				GCC_NO_COMMON_BLOCKS = YES;
				GCC_WARN_64_TO_32_BIT_CONVERSION = YES;
				GCC_WARN_ABOUT_RETURN_TYPE = YES_ERROR;
				GCC_WARN_UNDECLARED_SELECTOR = YES;
				GCC_WARN_UNINITIALIZED_AUTOS = YES_AGGRESSIVE;
				GCC_WARN_UNUSED_FUNCTION = YES;
				GCC_WARN_UNUSED_VARIABLE = YES;
				IPHONEOS_DEPLOYMENT_TARGET = 11.2;
				MTL_ENABLE_DEBUG_INFO = NO;
				SDKROOT = iphoneos;
				SWIFT_OPTIMIZATION_LEVEL = "-Owholemodule";
				VALIDATE_PRODUCT = YES;
			};
			name = Release;
		};
		10B41C4D200588770020FCFF /* Debug */ = {
			isa = XCBuildConfiguration;
			baseConfigurationReference = B15AF514153B91446975794E /* Pods-Flix.debug.xcconfig */;
			buildSettings = {
				ASSETCATALOG_COMPILER_APPICON_NAME = AppIcon;
				CODE_SIGN_STYLE = Automatic;
				DEVELOPMENT_TEAM = 7WFBMBC9P8;
				INFOPLIST_FILE = Flix/Info.plist;
				LD_RUNPATH_SEARCH_PATHS = "$(inherited) @executable_path/Frameworks";
				PRODUCT_BUNDLE_IDENTIFIER = xyz.saxena.Flix;
				PRODUCT_NAME = "$(TARGET_NAME)";
				SWIFT_VERSION = 4.0;
				TARGETED_DEVICE_FAMILY = "1,2";
			};
			name = Debug;
		};
		10B41C4E200588770020FCFF /* Release */ = {
			isa = XCBuildConfiguration;
			baseConfigurationReference = A261513A05F20B566B6DA378 /* Pods-Flix.release.xcconfig */;
			buildSettings = {
				ASSETCATALOG_COMPILER_APPICON_NAME = AppIcon;
				CODE_SIGN_STYLE = Automatic;
				DEVELOPMENT_TEAM = 7WFBMBC9P8;
				INFOPLIST_FILE = Flix/Info.plist;
				LD_RUNPATH_SEARCH_PATHS = "$(inherited) @executable_path/Frameworks";
				PRODUCT_BUNDLE_IDENTIFIER = xyz.saxena.Flix;
				PRODUCT_NAME = "$(TARGET_NAME)";
				SWIFT_VERSION = 4.0;
				TARGETED_DEVICE_FAMILY = "1,2";
			};
			name = Release;
		};
/* End XCBuildConfiguration section */

/* Begin XCConfigurationList section */
		10B41C35200588770020FCFF /* Build configuration list for PBXProject "Flix" */ = {
			isa = XCConfigurationList;
			buildConfigurations = (
				10B41C4A200588770020FCFF /* Debug */,
				10B41C4B200588770020FCFF /* Release */,
			);
			defaultConfigurationIsVisible = 0;
			defaultConfigurationName = Release;
		};
		10B41C4C200588770020FCFF /* Build configuration list for PBXNativeTarget "Flix" */ = {
			isa = XCConfigurationList;
			buildConfigurations = (
				10B41C4D200588770020FCFF /* Debug */,
				10B41C4E200588770020FCFF /* Release */,
			);
			defaultConfigurationIsVisible = 0;
			defaultConfigurationName = Release;
		};
/* End XCConfigurationList section */
	};
	rootObject = 10B41C32200588770020FCFF /* Project object */;
}
